
Microsoft Visual Studio Solution File, Format Version 12.00
# Visual Studio Version 16
VisualStudioVersion = 16.0.31613.86
MinimumVisualStudioVersion = 10.0.40219.1
Project("{FAE04EC0-301F-11D3-BF4B-00C04F79EFBC}") = "ByronAP.Net.Ntp", "src\ByronAP.Net.Ntp.csproj", "{55E13C5A-C163-4746-A7C8-3413B929571B}"
EndProject
Project("{FAE04EC0-301F-11D3-BF4B-00C04F79EFBC}") = "NtpDemo", "NtpDemo\NtpDemo.csproj", "{CFBF489B-6BE4-4AC1-91F2-AAC52F3FBADC}"
EndProject
Global
	GlobalSection(SolutionConfigurationPlatforms) = preSolution
		Debug|Any CPU = Debug|Any CPU
		Release|Any CPU = Release|Any CPU
	EndGlobalSection
	GlobalSection(ProjectConfigurationPlatforms) = postSolution
		{55E13C5A-C163-4746-A7C8-3413B929571B}.Debug|Any CPU.ActiveCfg = Debug|Any CPU
		{55E13C5A-C163-4746-A7C8-3413B929571B}.Debug|Any CPU.Build.0 = Debug|Any CPU
		{55E13C5A-C163-4746-A7C8-3413B929571B}.Release|Any CPU.ActiveCfg = Release|Any CPU
		{55E13C5A-C163-4746-A7C8-3413B929571B}.Release|Any CPU.Build.0 = Release|Any CPU
		{CFBF489B-6BE4-4AC1-91F2-AAC52F3FBADC}.Debug|Any CPU.ActiveCfg = Debug|Any CPU
		{CFBF489B-6BE4-4AC1-91F2-AAC52F3FBADC}.Debug|Any CPU.Build.0 = Debug|Any CPU
		{CFBF489B-6BE4-4AC1-91F2-AAC52F3FBADC}.Release|Any CPU.ActiveCfg = Release|Any CPU
		{CFBF489B-6BE4-4AC1-91F2-AAC52F3FBADC}.Release|Any CPU.Build.0 = Release|Any CPU
	EndGlobalSection
	GlobalSection(SolutionProperties) = preSolution
		HideSolutionNode = FALSE
	EndGlobalSection
	GlobalSection(ExtensibilityGlobals) = postSolution
		SolutionGuid = {92F60EEE-3357-4EC0-A9E9-687543602368}
	EndGlobalSection
EndGlobal
